
Microsoft Visual Studio Solution File, Format Version 12.00
# Visual Studio Version 17
VisualStudioVersion = 17.4.33110.190
MinimumVisualStudioVersion = 10.0.40219.1
Project("{888888A0-9F3D-457C-B088-3A5042F75D52}") = "Uppgift 1", "Uppgift 1\Uppgift 1.pyproj", "{19C28967-A667-4FC8-A5BF-BD704872EAF1}"
EndProject
Global
	GlobalSection(SolutionConfigurationPlatforms) = preSolution
		Debug|Any CPU = Debug|Any CPU
		Release|Any CPU = Release|Any CPU
	EndGlobalSection
	GlobalSection(ProjectConfigurationPlatforms) = postSolution
		{19C28967-A667-4FC8-A5BF-BD704872EAF1}.Debug|Any CPU.ActiveCfg = Debug|Any CPU
		{19C28967-A667-4FC8-A5BF-BD704872EAF1}.Release|Any CPU.ActiveCfg = Release|Any CPU
	EndGlobalSection
	GlobalSection(SolutionProperties) = preSolution
		HideSolutionNode = FALSE
	EndGlobalSection
	GlobalSection(ExtensibilityGlobals) = postSolution
		SolutionGuid = {C3AE81D2-CE75-4AD2-95A8-AD664A9991F5}
	EndGlobalSection
EndGlobal
